Microsoft Visual Studio Solution File, Format Version 11.00
# Visual Studio 2008

Project("{81C3A040-3D76-9442-2E60-AE6E59D6E53C}") = "CompetenceProject", "Assembly-CSharp.csproj", "{BBB19F86-76CB-985C-9046-44CE996EC6BE}"
EndProject
Global
	GlobalSection(SolutionConfigurationPlatforms) = preSolution
		Debug|Any CPU = Debug|Any CPU
		Release|Any CPU = Release|Any CPU
	EndGlobalSection
	GlobalSection(ProjectConfigurationPlatforms) = postSolution
		{BBB19F86-76CB-985C-9046-44CE996EC6BE}.Debug|Any CPU.ActiveCfg = Debug|Any CPU
		{BBB19F86-76CB-985C-9046-44CE996EC6BE}.Debug|Any CPU.Build.0 = Debug|Any CPU
		{BBB19F86-76CB-985C-9046-44CE996EC6BE}.Release|Any CPU.ActiveCfg = Release|Any CPU
		{BBB19F86-76CB-985C-9046-44CE996EC6BE}.Release|Any CPU.Build.0 = Release|Any CPU
	EndGlobalSection
	GlobalSection(SolutionProperties) = preSolution
		HideSolutionNode = FALSE
	EndGlobalSection
	GlobalSection(MonoDevelopProperties) = preSolution
		StartupItem = Assembly-CSharp.csproj
	EndGlobalSection
EndGlobal
